
Microsoft Visual Studio Solution File, Format Version 12.00
# Visual Studio Version 16
VisualStudioVersion = 16.0.31205.134
MinimumVisualStudioVersion = 10.0.40219.1
Project("{FAE04EC0-301F-11D3-BF4B-00C04F79EFBC}") = "Kalkulator_systemów_liczbowych", "Kalkulator_systemów_liczbowych\Kalkulator_systemów_liczbowych.csproj", "{92418E12-E860-40BD-A7B4-FBE0E2788A81}"
EndProject
Global
	GlobalSection(SolutionConfigurationPlatforms) = preSolution
		Debug|Any CPU = Debug|Any CPU
		Release|Any CPU = Release|Any CPU
	EndGlobalSection
	GlobalSection(ProjectConfigurationPlatforms) = postSolution
		{92418E12-E860-40BD-A7B4-FBE0E2788A81}.Debug|Any CPU.ActiveCfg = Debug|Any CPU
		{92418E12-E860-40BD-A7B4-FBE0E2788A81}.Debug|Any CPU.Build.0 = Debug|Any CPU
		{92418E12-E860-40BD-A7B4-FBE0E2788A81}.Release|Any CPU.ActiveCfg = Release|Any CPU
		{92418E12-E860-40BD-A7B4-FBE0E2788A81}.Release|Any CPU.Build.0 = Release|Any CPU
	EndGlobalSection
	GlobalSection(SolutionProperties) = preSolution
		HideSolutionNode = FALSE
	EndGlobalSection
	GlobalSection(ExtensibilityGlobals) = postSolution
		SolutionGuid = {C8075F62-45B7-4BE4-BF81-1AF37D076305}
	EndGlobalSection
EndGlobal
